
Microsoft Visual Studio Solution File, Format Version 12.00
# Visual Studio Version 17
VisualStudioVersion = 17.14.36221.1 d17.14
MinimumVisualStudioVersion = 10.0.40219.1
Project("{FAE04EC0-301F-11D3-BF4B-00C04F79EFBC}") = "WpfApp2", "WpfApp2\WpfApp2.csproj", "{FE019F88-633B-4E98-B697-0A3D8D03EB33}"
EndProject
Global
	GlobalSection(SolutionConfigurationPlatforms) = preSolution
		Debug|Any CPU = Debug|Any CPU
		Release|Any CPU = Release|Any CPU
	EndGlobalSection
	GlobalSection(ProjectConfigurationPlatforms) = postSolution
		{FE019F88-633B-4E98-B697-0A3D8D03EB33}.Debug|Any CPU.ActiveCfg = Debug|Any CPU
		{FE019F88-633B-4E98-B697-0A3D8D03EB33}.Debug|Any CPU.Build.0 = Debug|Any CPU
		{FE019F88-633B-4E98-B697-0A3D8D03EB33}.Release|Any CPU.ActiveCfg = Release|Any CPU
		{FE019F88-633B-4E98-B697-0A3D8D03EB33}.Release|Any CPU.Build.0 = Release|Any CPU
	EndGlobalSection
	GlobalSection(SolutionProperties) = preSolution
		HideSolutionNode = FALSE
	EndGlobalSection
	GlobalSection(ExtensibilityGlobals) = postSolution
		SolutionGuid = {96BF3B40-1AAB-4319-B613-559F23EA4559}
	EndGlobalSection
EndGlobal
